
Microsoft Visual Studio Solution File, Format Version 12.00
# Visual Studio Version 16
VisualStudioVersion = 16.0.33920.266
MinimumVisualStudioVersion = 10.0.40219.1
Project("{FAE04EC0-301F-11D3-BF4B-00C04F79EFBC}") = "DisplayConfigurationMacro", "DisplayConfigurationMacro\DisplayConfigurationMacro.csproj", "{13FD7EC0-2FB5-4A7D-A266-543695ABA5A8}"
EndProject
Project("{FAE04EC0-301F-11D3-BF4B-00C04F79EFBC}") = "DisplayConfigurationMacroTest", "DisplayConfigurationMacroTest\DisplayConfigurationMacroTest.csproj", "{9842E6E4-3E29-4E68-BC15-37AE0AAB5D96}"
EndProject
Global
	GlobalSection(SolutionConfigurationPlatforms) = preSolution
		Debug|Any CPU = Debug|Any CPU
		Debug|x64 = Debug|x64
		Release|Any CPU = Release|Any CPU
		Release|x64 = Release|x64
	EndGlobalSection
	GlobalSection(ProjectConfigurationPlatforms) = postSolution
		{13FD7EC0-2FB5-4A7D-A266-543695ABA5A8}.Debug|Any CPU.ActiveCfg = Debug|Any CPU
		{13FD7EC0-2FB5-4A7D-A266-543695ABA5A8}.Debug|Any CPU.Build.0 = Debug|Any CPU
		{13FD7EC0-2FB5-4A7D-A266-543695ABA5A8}.Debug|x64.ActiveCfg = Debug|x64
		{13FD7EC0-2FB5-4A7D-A266-543695ABA5A8}.Debug|x64.Build.0 = Debug|x64
		{13FD7EC0-2FB5-4A7D-A266-543695ABA5A8}.Release|Any CPU.ActiveCfg = Release|Any CPU
		{13FD7EC0-2FB5-4A7D-A266-543695ABA5A8}.Release|Any CPU.Build.0 = Release|Any CPU
		{13FD7EC0-2FB5-4A7D-A266-543695ABA5A8}.Release|x64.ActiveCfg = Release|x64
		{13FD7EC0-2FB5-4A7D-A266-543695ABA5A8}.Release|x64.Build.0 = Release|x64
		{9842E6E4-3E29-4E68-BC15-37AE0AAB5D96}.Debug|Any CPU.ActiveCfg = Debug|Any CPU
		{9842E6E4-3E29-4E68-BC15-37AE0AAB5D96}.Debug|Any CPU.Build.0 = Debug|Any CPU
		{9842E6E4-3E29-4E68-BC15-37AE0AAB5D96}.Debug|x64.ActiveCfg = Debug|x64
		{9842E6E4-3E29-4E68-BC15-37AE0AAB5D96}.Debug|x64.Build.0 = Debug|x64
		{9842E6E4-3E29-4E68-BC15-37AE0AAB5D96}.Release|Any CPU.ActiveCfg = Release|Any CPU
		{9842E6E4-3E29-4E68-BC15-37AE0AAB5D96}.Release|Any CPU.Build.0 = Release|Any CPU
		{9842E6E4-3E29-4E68-BC15-37AE0AAB5D96}.Release|x64.ActiveCfg = Release|x64
		{9842E6E4-3E29-4E68-BC15-37AE0AAB5D96}.Release|x64.Build.0 = Release|x64
	EndGlobalSection
	GlobalSection(SolutionProperties) = preSolution
		HideSolutionNode = FALSE
	EndGlobalSection
	GlobalSection(ExtensibilityGlobals) = postSolution
		SolutionGuid = {276B76D5-4258-4923-835B-3400249ACEAB}
	EndGlobalSection
EndGlobal
